{
  "originHash" : "f858eb5d8d4add1908759e5d38f38cb1ce0e68dc815b8ef85630f4bc7a64fc52",
  "pins" : [
    {
      "identity" : "cocoalumberjack",
      "kind" : "remoteSourceControl",
      "location" : "https://github.com/CocoaLumberjack/CocoaLumberjack.git",
      "state" : {
        "revision" : "c5f2ed4d219866117e135cf648180dc7b66739d3",
        "version" : "3.9.1"
      }
    },
    {
      "identity" : "swift-log",
      "kind" : "remoteSourceControl",
      "location" : "https://github.com/apple/swift-log",
      "state" : {
        "revision" : "3ffafb9722d5d918c614feb496c8789a3b59d222",
        "version" : "1.15.0"
      }
    }
  ],
  "version" : 3
}
